// !$*UTF8*$!
{
	archiveVersion = 1;
	classes = {
	};
	objectVersion = 46;
	objects = {

/* Begin PBXBuildFile section */
		0429884319F99FCC00083E70 /* CertificateView.xib in Resources */ = {isa = PBXBuildFile; fileRef = 0429884219F99FCC00083E70 /* CertificateView.xib */; };
		0429884F19F9A88700083E70 /* CertificateViewController.m in Sources */ = {isa = PBXBuildFile; fileRef = 0429884E19F9A88700083E70 /* CertificateViewController.m */; };
		0429885119F9B9DB00083E70 /* ComposePanel.xib in Resources */ = {isa = PBXBuildFile; fileRef = 0429885019F9B9DB00083E70 /* ComposePanel.xib */; };
		0429885419F9BB9C00083E70 /* ComposeWindowController.m in Sources */ = {isa = PBXBuildFile; fileRef = 0429885319F9BB9C00083E70 /* ComposeWindowController.m */; };
		0429885A19FC069600083E70 /* IdenticonImage.m in Sources */ = {isa = PBXBuildFile; fileRef = 0429885919FC069600083E70 /* IdenticonImage.m */; };
		04795ED419C0A1AD000A3142 /* Cocoa.framework in Frameworks */ = {isa = PBXBuildFile; fileRef = 04795ED319C0A1AD000A3142 /* Cocoa.framework */; };
		04795EDE19C0A1AD000A3142 /* InfoPlist.strings in Resources */ = {isa = PBXBuildFile; fileRef = 04795EDC19C0A1AD000A3142 /* InfoPlist.strings */; };
		04795EE019C0A1AD000A3142 /* main.m in Sources */ = {isa = PBXBuildFile; fileRef = 04795EDF19C0A1AD000A3142 /* main.m */; };
		04795EE419C0A1AD000A3142 /* Credits.rtf in Resources */ = {isa = PBXBuildFile; fileRef = 04795EE219C0A1AD000A3142 /* Credits.rtf */; };
		04795EE719C0A1AD000A3142 /* AppDelegate.m in Sources */ = {isa = PBXBuildFile; fileRef = 04795EE619C0A1AD000A3142 /* AppDelegate.m */; };
		04795EEA19C0A1AD000A3142 /* MainMenu.xib in Resources */ = {isa = PBXBuildFile; fileRef = 04795EE819C0A1AD000A3142 /* MainMenu.xib */; };
		04795EEF19C0A1AD000A3142 /* Images.xcassets in Resources */ = {isa = PBXBuildFile; fileRef = 04795EEE19C0A1AD000A3142 /* Images.xcassets */; };
		04795EF619C0A1AE000A3142 /* XCTest.framework in Frameworks */ = {isa = PBXBuildFile; fileRef = 04795EF519C0A1AE000A3142 /* XCTest.framework */; };
		04795EF719C0A1AE000A3142 /* Cocoa.framework in Frameworks */ = {isa = PBXBuildFile; fileRef = 04795ED319C0A1AD000A3142 /* Cocoa.framework */; };
		04795EFF19C0A1AE000A3142 /* InfoPlist.strings in Resources */ = {isa = PBXBuildFile; fileRef = 04795EFD19C0A1AE000A3142 /* InfoPlist.strings */; };
		04795F0119C0A1AE000A3142 /* NouveauPG_OSXTests.m in Sources */ = {isa = PBXBuildFile; fileRef = 04795F0019C0A1AE000A3142 /* NouveauPG_OSXTests.m */; };
		04C9638819CFC3F300A2446C /* EncryptedEnvelope.m in Sources */ = {isa = PBXBuildFile; fileRef = 04C9637719CFC3F300A2446C /* EncryptedEnvelope.m */; };
		04C9638919CFC3F300A2446C /* LiteralPacket.m in Sources */ = {isa = PBXBuildFile; fileRef = 04C9637919CFC3F300A2446C /* LiteralPacket.m */; };
		04C9638A19CFC3F300A2446C /* NSString+Base64.m in Sources */ = {isa = PBXBuildFile; fileRef = 04C9637B19CFC3F300A2446C /* NSString+Base64.m */; };
		04C9638B19CFC3F300A2446C /* OpenPGPEncryptedPacket.m in Sources */ = {isa = PBXBuildFile; fileRef = 04C9637D19CFC3F300A2446C /* OpenPGPEncryptedPacket.m */; };
		04C9638C19CFC3F300A2446C /* OpenPGPMessage.m in Sources */ = {isa = PBXBuildFile; fileRef = 04C9637F19CFC3F300A2446C /* OpenPGPMessage.m */; };
		04C9638D19CFC3F300A2446C /* OpenPGPPacket.m in Sources */ = {isa = PBXBuildFile; fileRef = 04C9638119CFC3F300A2446C /* OpenPGPPacket.m */; };
		04C9638E19CFC3F300A2446C /* OpenPGPPublicKey.m in Sources */ = {isa = PBXBuildFile; fileRef = 04C9638319CFC3F300A2446C /* OpenPGPPublicKey.m */; };
		04C9638F19CFC3F300A2446C /* OpenPGPSignature.m in Sources */ = {isa = PBXBuildFile; fileRef = 04C9638519CFC3F300A2446C /* OpenPGPSignature.m */; };
		04C9639019CFC3F300A2446C /* UserIDPacket.m in Sources */ = {isa = PBXBuildFile; fileRef = 04C9638719CFC3F300A2446C /* UserIDPacket.m */; };
		04F17B4519D0838400B17752 /* CoreDataModel.xcdatamodeld in Sources */ = {isa = PBXBuildFile; fileRef = 04F17B4319D0838400B17752 /* CoreDataModel.xcdatamodeld */; };
		04F17B4819D092FD00B17752 /* Identities.m in Sources */ = {isa = PBXBuildFile; fileRef = 04F17B4719D092FD00B17752 /* Identities.m */; };
		04F17B4B19D0951200B17752 /* Recipient.m in Sources */ = {isa = PBXBuildFile; fileRef = 04F17B4A19D0951200B17752 /* Recipient.m */; };
		04F17B4E19D0952900B17752 /* Message.m in Sources */ = {isa = PBXBuildFile; fileRef = 04F17B4D19D0952900B17752 /* Message.m */; };
		A80BF6E01A03FD92003393FA /* NewIdentityPanel.m in Sources */ = {isa = PBXBuildFile; fileRef = A80BF6DE1A03FD92003393FA /* NewIdentityPanel.m */; };
		A80BF6E11A03FD92003393FA /* NewIdentityPanel.xib in Resources */ = {isa = PBXBuildFile; fileRef = A80BF6DF1A03FD92003393FA /* NewIdentityPanel.xib */; };
/* End PBXBuildFile section */

/* Begin PBXContainerItemProxy section */
		04795EF819C0A1AE000A3142 /* PBXContainerItemProxy */ = {
			isa = PBXContainerItemProxy;
			containerPortal = 04795EC819C0A1AD000A3142 /* Project object */;
			proxyType = 1;
			remoteGlobalIDString = 04795ECF19C0A1AD000A3142;
			remoteInfo = "NouveauPG-OSX";
		};
/* End PBXContainerItemProxy section */

/* Begin PBXFileReference section */
		0429884219F99FCC00083E70 /* CertificateView.xib */ = {isa = PBXFileReference; fileEncoding = 4; lastKnownFileType = file.xib; path = CertificateView.xib; sourceTree = "<group>"; };
		0429884D19F9A88700083E70 /* CertificateViewController.h */ = {isa = PBXFileReference; fileEncoding = 4; lastKnownFileType = sourcecode.c.h; path = CertificateViewController.h; sourceTree = "<group>"; };
		0429884E19F9A88700083E70 /* CertificateViewController.m */ = {isa = PBXFileReference; fileEncoding = 4; lastKnownFileType = sourcecode.c.objc; path = CertificateViewController.m; sourceTree = "<group>"; };
		0429885019F9B9DB00083E70 /* ComposePanel.xib */ = {isa = PBXFileReference; fileEncoding = 4; lastKnownFileType = file.xib; path = ComposePanel.xib; sourceTree = "<group>"; };
		0429885219F9BB9C00083E70 /* ComposeWindowController.h */ = {isa = PBXFileReference; fileEncoding = 4; lastKnownFileType = sourcecode.c.h; path = ComposeWindowController.h; sourceTree = "<group>"; };
		0429885319F9BB9C00083E70 /* ComposeWindowController.m */ = {isa = PBXFileReference; fileEncoding = 4; lastKnownFileType = sourcecode.c.objc; path = ComposeWindowController.m; sourceTree = "<group>"; };
		0429885819FC069600083E70 /* IdenticonImage.h */ = {isa = PBXFileReference; fileEncoding = 4; lastKnownFileType = sourcecode.c.h; path = IdenticonImage.h; sourceTree = "<group>"; };
		0429885919FC069600083E70 /* IdenticonImage.m */ = {isa = PBXFileReference; fileEncoding = 4; lastKnownFileType = sourcecode.c.objc; path = IdenticonImage.m; sourceTree = "<group>"; };
		04795ED019C0A1AD000A3142 /* NouveauPG-OSX.app */ = {isa = PBXFileReference; explicitFileType = wrapper.application; includeInIndex = 0; path = "NouveauPG-OSX.app"; sourceTree = BUILT_PRODUCTS_DIR; };
		04795ED319C0A1AD000A3142 /* Cocoa.framework */ = {isa = PBXFileReference; lastKnownFileType = wrapper.framework; name = Cocoa.framework; path = System/Library/Frameworks/Cocoa.framework; sourceTree = SDKROOT; };
		04795ED619C0A1AD000A3142 /* AppKit.framework */ = {isa = PBXFileReference; lastKnownFileType = wrapper.framework; name = AppKit.framework; path = System/Library/Frameworks/AppKit.framework; sourceTree = SDKROOT; };
		04795ED719C0A1AD000A3142 /* CoreData.framework */ = {isa = PBXFileReference; lastKnownFileType = wrapper.framework; name = CoreData.framework; path = System/Library/Frameworks/CoreData.framework; sourceTree = SDKROOT; };
		04795ED819C0A1AD000A3142 /* Foundation.framework */ = {isa = PBXFileReference; lastKnownFileType = wrapper.framework; name = Foundation.framework; path = System/Library/Frameworks/Foundation.framework; sourceTree = SDKROOT; };
		04795EDB19C0A1AD000A3142 /* NouveauPG-OSX-Info.plist */ = {isa = PBXFileReference; lastKnownFileType = text.plist.xml; path = "NouveauPG-OSX-Info.plist"; sourceTree = "<group>"; };
		04795EDD19C0A1AD000A3142 /* en */ = {isa = PBXFileReference; lastKnownFileType = text.plist.strings; name = en; path = en.lproj/InfoPlist.strings; sourceTree = "<group>"; };
		04795EDF19C0A1AD000A3142 /* main.m */ = {isa = PBXFileReference; lastKnownFileType = sourcecode.c.objc; path = main.m; sourceTree = "<group>"; };
		04795EE119C0A1AD000A3142 /* NouveauPG-OSX-Prefix.pch */ = {isa = PBXFileReference; lastKnownFileType = sourcecode.c.h; path = "NouveauPG-OSX-Prefix.pch"; sourceTree = "<group>"; };
		04795EE319C0A1AD000A3142 /* en */ = {isa = PBXFileReference; lastKnownFileType = text.rtf; name = en; path = en.lproj/Credits.rtf; sourceTree = "<group>"; };
		04795EE519C0A1AD000A3142 /* AppDelegate.h */ = {isa = PBXFileReference; lastKnownFileType = sourcecode.c.h; path = AppDelegate.h; sourceTree = "<group>"; };
		04795EE619C0A1AD000A3142 /* AppDelegate.m */ = {isa = PBXFileReference; lastKnownFileType = sourcecode.c.objc; path = AppDelegate.m; sourceTree = "<group>"; };
		04795EE919C0A1AD000A3142 /* Base */ = {isa = PBXFileReference; lastKnownFileType = file.xib; name = Base; path = Base.lproj/MainMenu.xib; sourceTree = "<group>"; };
		04795EEE19C0A1AD000A3142 /* Images.xcassets */ = {isa = PBXFileReference; lastKnownFileType = folder.assetcatalog; path = Images.xcassets; sourceTree = "<group>"; };
		04795EF419C0A1AE000A3142 /* NouveauPG-OSXTests.xctest */ = {isa = PBXFileReference; explicitFileType = wrapper.cfbundle; includeInIndex = 0; path = "NouveauPG-OSXTests.xctest"; sourceTree = BUILT_PRODUCTS_DIR; };
		04795EF519C0A1AE000A3142 /* XCTest.framework */ = {isa = PBXFileReference; lastKnownFileType = wrapper.framework; name = XCTest.framework; path = Library/Frameworks/XCTest.framework; sourceTree = DEVELOPER_DIR; };
		04795EFC19C0A1AE000A3142 /* NouveauPG-OSXTests-Info.plist */ = {isa = PBXFileReference; lastKnownFileType = text.plist.xml; path = "NouveauPG-OSXTests-Info.plist"; sourceTree = "<group>"; };
		04795EFE19C0A1AE000A3142 /* en */ = {isa = PBXFileReference; lastKnownFileType = text.plist.strings; name = en; path = en.lproj/InfoPlist.strings; sourceTree = "<group>"; };
		04795F0019C0A1AE000A3142 /* NouveauPG_OSXTests.m */ = {isa = PBXFileReference; lastKnownFileType = sourcecode.c.objc; path = NouveauPG_OSXTests.m; sourceTree = "<group>"; };
		04C9637619CFC3F300A2446C /* EncryptedEnvelope.h */ = {isa = PBXFileReference; fileEncoding = 4; lastKnownFileType = sourcecode.c.h; path = EncryptedEnvelope.h; sourceTree = "<group>"; };
		04C9637719CFC3F300A2446C /* EncryptedEnvelope.m */ = {isa = PBXFileReference; fileEncoding = 4; lastKnownFileType = sourcecode.c.objc; path = EncryptedEnvelope.m; sourceTree = "<group>"; };
		04C9637819CFC3F300A2446C /* LiteralPacket.h */ = {isa = PBXFileReference; fileEncoding = 4; lastKnownFileType = sourcecode.c.h; path = LiteralPacket.h; sourceTree = "<group>"; };
		04C9637919CFC3F300A2446C /* LiteralPacket.m */ = {isa = PBXFileReference; fileEncoding = 4; lastKnownFileType = sourcecode.c.objc; path = LiteralPacket.m; sourceTree = "<group>"; };
		04C9637A19CFC3F300A2446C /* NSString+Base64.h */ = {isa = PBXFileReference; fileEncoding = 4; lastKnownFileType = sourcecode.c.h; path = "NSString+Base64.h"; sourceTree = "<group>"; };
		04C9637B19CFC3F300A2446C /* NSString+Base64.m */ = {isa = PBXFileReference; fileEncoding = 4; lastKnownFileType = sourcecode.c.objc; path = "NSString+Base64.m"; sourceTree = "<group>"; };
		04C9637C19CFC3F300A2446C /* OpenPGPEncryptedPacket.h */ = {isa = PBXFileReference; fileEncoding = 4; lastKnownFileType = sourcecode.c.h; path = OpenPGPEncryptedPacket.h; sourceTree = "<group>"; };
		04C9637D19CFC3F300A2446C /* OpenPGPEncryptedPacket.m */ = {isa = PBXFileReference; fileEncoding = 4; lastKnownFileType = sourcecode.c.objc; path = OpenPGPEncryptedPacket.m; sourceTree = "<group>"; };
		04C9637E19CFC3F300A2446C /* OpenPGPMessage.h */ = {isa = PBXFileReference; fileEncoding = 4; lastKnownFileType = sourcecode.c.h; path = OpenPGPMessage.h; sourceTree = "<group>"; };
		04C9637F19CFC3F300A2446C /* OpenPGPMessage.m */ = {isa = PBXFileReference; fileEncoding = 4; lastKnownFileType = sourcecode.c.objc; path = OpenPGPMessage.m; sourceTree = "<group>"; };
		04C9638019CFC3F300A2446C /* OpenPGPPacket.h */ = {isa = PBXFileReference; fileEncoding = 4; lastKnownFileType = sourcecode.c.h; path = OpenPGPPacket.h; sourceTree = "<group>"; };
		04C9638119CFC3F300A2446C /* OpenPGPPacket.m */ = {isa = PBXFileReference; fileEncoding = 4; lastKnownFileType = sourcecode.c.objc; path = OpenPGPPacket.m; sourceTree = "<group>"; };
		04C9638219CFC3F300A2446C /* OpenPGPPublicKey.h */ = {isa = PBXFileReference; fileEncoding = 4; lastKnownFileType = sourcecode.c.h; path = OpenPGPPublicKey.h; sourceTree = "<group>"; };
		04C9638319CFC3F300A2446C /* OpenPGPPublicKey.m */ = {isa = PBXFileReference; fileEncoding = 4; lastKnownFileType = sourcecode.c.objc; path = OpenPGPPublicKey.m; sourceTree = "<group>"; };
		04C9638419CFC3F300A2446C /* OpenPGPSignature.h */ = {isa = PBXFileReference; fileEncoding = 4; lastKnownFileType = sourcecode.c.h; path = OpenPGPSignature.h; sourceTree = "<group>"; };
		04C9638519CFC3F300A2446C /* OpenPGPSignature.m */ = {isa = PBXFileReference; fileEncoding = 4; lastKnownFileType = sourcecode.c.objc; path = OpenPGPSignature.m; sourceTree = "<group>"; };
		04C9638619CFC3F300A2446C /* UserIDPacket.h */ = {isa = PBXFileReference; fileEncoding = 4; lastKnownFileType = sourcecode.c.h; path = UserIDPacket.h; sourceTree = "<group>"; };
		04C9638719CFC3F300A2446C /* UserIDPacket.m */ = {isa = PBXFileReference; fileEncoding = 4; lastKnownFileType = sourcecode.c.objc; path = UserIDPacket.m; sourceTree = "<group>"; };
		04F17B4419D0838400B17752 /* CoreDataModel.xcdatamodel */ = {isa = PBXFileReference; lastKnownFileType = wrapper.xcdatamodel; path = CoreDataModel.xcdatamodel; sourceTree = "<group>"; };
		04F17B4619D092FD00B17752 /* Identities.h */ = {isa = PBXFileReference; fileEncoding = 4; lastKnownFileType = sourcecode.c.h; path = Identities.h; sourceTree = "<group>"; };
		04F17B4719D092FD00B17752 /* Identities.m */ = {isa = PBXFileReference; fileEncoding = 4; lastKnownFileType = sourcecode.c.objc; path = Identities.m; sourceTree = "<group>"; };
		04F17B4919D0951200B17752 /* Recipient.h */ = {isa = PBXFileReference; fileEncoding = 4; lastKnownFileType = sourcecode.c.h; path = Recipient.h; sourceTree = "<group>"; };
		04F17B4A19D0951200B17752 /* Recipient.m */ = {isa = PBXFileReference; fileEncoding = 4; lastKnownFileType = sourcecode.c.objc; path = Recipient.m; sourceTree = "<group>"; };
		04F17B4C19D0952900B17752 /* Message.h */ = {isa = PBXFileReference; fileEncoding = 4; lastKnownFileType = sourcecode.c.h; path = Message.h; sourceTree = "<group>"; };
		04F17B4D19D0952900B17752 /* Message.m */ = {isa = PBXFileReference; fileEncoding = 4; lastKnownFileType = sourcecode.c.objc; path = Message.m; sourceTree = "<group>"; };
		A80BF6DD1A03FD92003393FA /* NewIdentityPanel.h */ = {isa = PBXFileReference; fileEncoding = 4; lastKnownFileType = sourcecode.c.h; path = NewIdentityPanel.h; sourceTree = "<group>"; };
		A80BF6DE1A03FD92003393FA /* NewIdentityPanel.m */ = {isa = PBXFileReference; fileEncoding = 4; lastKnownFileType = sourcecode.c.objc; path = NewIdentityPanel.m; sourceTree = "<group>"; };
		A80BF6DF1A03FD92003393FA /* NewIdentityPanel.xib */ = {isa = PBXFileReference; fileEncoding = 4; lastKnownFileType = file.xib; path = NewIdentityPanel.xib; sourceTree = "<group>"; };
/* End PBXFileReference section */

/* Begin PBXFrameworksBuildPhase section */
		04795ECD19C0A1AD000A3142 /* Frameworks */ = {
			isa = PBXFrameworksBuildPhase;
			buildActionMask = 2147483647;
			files = (
				04795ED419C0A1AD000A3142 /* Cocoa.framework in Frameworks */,
			);
			runOnlyForDeploymentPostprocessing = 0;
		};
		04795EF119C0A1AE000A3142 /* Frameworks */ = {
			isa = PBXFrameworksBuildPhase;
			buildActionMask = 2147483647;
			files = (
				04795EF719C0A1AE000A3142 /* Cocoa.framework in Frameworks */,
				04795EF619C0A1AE000A3142 /* XCTest.framework in Frameworks */,
			);
			runOnlyForDeploymentPostprocessing = 0;
		};
/* End PBXFrameworksBuildPhase section */

/* Begin PBXGroup section */
		04795EC719C0A1AD000A3142 = {
			isa = PBXGroup;
			children = (
				04795ED919C0A1AD000A3142 /* NouveauPG-OSX */,
				04795EFA19C0A1AE000A3142 /* NouveauPG-OSXTests */,
				04795ED219C0A1AD000A3142 /* Frameworks */,
				04795ED119C0A1AD000A3142 /* Products */,
			);
			sourceTree = "<group>";
		};
		04795ED119C0A1AD000A3142 /* Products */ = {
			isa = PBXGroup;
			children = (
				04795ED019C0A1AD000A3142 /* NouveauPG-OSX.app */,
				04795EF419C0A1AE000A3142 /* NouveauPG-OSXTests.xctest */,
			);
			name = Products;
			sourceTree = "<group>";
		};
		04795ED219C0A1AD000A3142 /* Frameworks */ = {
			isa = PBXGroup;
			children = (
				04795ED319C0A1AD000A3142 /* Cocoa.framework */,
				04795EF519C0A1AE000A3142 /* XCTest.framework */,
				04795ED519C0A1AD000A3142 /* Other Frameworks */,
			);
			name = Frameworks;
			sourceTree = "<group>";
		};
		04795ED519C0A1AD000A3142 /* Other Frameworks */ = {
			isa = PBXGroup;
			children = (
				04795ED619C0A1AD000A3142 /* AppKit.framework */,
				04795ED719C0A1AD000A3142 /* CoreData.framework */,
				04795ED819C0A1AD000A3142 /* Foundation.framework */,
			);
			name = "Other Frameworks";
			sourceTree = "<group>";
		};
		04795ED919C0A1AD000A3142 /* NouveauPG-OSX */ = {
			isa = PBXGroup;
			children = (
				04F17B4319D0838400B17752 /* CoreDataModel.xcdatamodeld */,
				04C9637519CFC3C200A2446C /* OpenPGP */,
				04C9636719CFC32900A2446C /* CoreData Model */,
				04795EE519C0A1AD000A3142 /* AppDelegate.h */,
				04795EE619C0A1AD000A3142 /* AppDelegate.m */,
				04795EE819C0A1AD000A3142 /* MainMenu.xib */,
				04795EEE19C0A1AD000A3142 /* Images.xcassets */,
				04795EDA19C0A1AD000A3142 /* Supporting Files */,
				0429884219F99FCC00083E70 /* CertificateView.xib */,
				0429884D19F9A88700083E70 /* CertificateViewController.h */,
				0429884E19F9A88700083E70 /* CertificateViewController.m */,
				0429885019F9B9DB00083E70 /* ComposePanel.xib */,
				0429885219F9BB9C00083E70 /* ComposeWindowController.h */,
				0429885319F9BB9C00083E70 /* ComposeWindowController.m */,
				0429885819FC069600083E70 /* IdenticonImage.h */,
				0429885919FC069600083E70 /* IdenticonImage.m */,
				A80BF6DD1A03FD92003393FA /* NewIdentityPanel.h */,
				A80BF6DE1A03FD92003393FA /* NewIdentityPanel.m */,
				A80BF6DF1A03FD92003393FA /* NewIdentityPanel.xib */,
			);
			path = "NouveauPG-OSX";
			sourceTree = "<group>";
		};
		04795EDA19C0A1AD000A3142 /* Supporting Files */ = {
			isa = PBXGroup;
			children = (
				04795EDB19C0A1AD000A3142 /* NouveauPG-OSX-Info.plist */,
				04795EDC19C0A1AD000A3142 /* InfoPlist.strings */,
				04795EDF19C0A1AD000A3142 /* main.m */,
				04795EE119C0A1AD000A3142 /* NouveauPG-OSX-Prefix.pch */,
				04795EE219C0A1AD000A3142 /* Credits.rtf */,
			);
			name = "Supporting Files";
			sourceTree = "<group>";
		};
		04795EFA19C0A1AE000A3142 /* NouveauPG-OSXTests */ = {
			isa = PBXGroup;
			children = (
				04795F0019C0A1AE000A3142 /* NouveauPG_OSXTests.m */,
				04795EFB19C0A1AE000A3142 /* Supporting Files */,
			);
			path = "NouveauPG-OSXTests";
			sourceTree = "<group>";
		};
		04795EFB19C0A1AE000A3142 /* Supporting Files */ = {
			isa = PBXGroup;
			children = (
				04795EFC19C0A1AE000A3142 /* NouveauPG-OSXTests-Info.plist */,
				04795EFD19C0A1AE000A3142 /* InfoPlist.strings */,
			);
			name = "Supporting Files";
			sourceTree = "<group>";
		};
		04C9636719CFC32900A2446C /* CoreData Model */ = {
			isa = PBXGroup;
			children = (
				04F17B4619D092FD00B17752 /* Identities.h */,
				04F17B4719D092FD00B17752 /* Identities.m */,
				04F17B4919D0951200B17752 /* Recipient.h */,
				04F17B4A19D0951200B17752 /* Recipient.m */,
				04F17B4C19D0952900B17752 /* Message.h */,
				04F17B4D19D0952900B17752 /* Message.m */,
			);
			name = "CoreData Model";
			sourceTree = "<group>";
		};
		04C9637519CFC3C200A2446C /* OpenPGP */ = {
			isa = PBXGroup;
			children = (
				04C9637619CFC3F300A2446C /* EncryptedEnvelope.h */,
				04C9637719CFC3F300A2446C /* EncryptedEnvelope.m */,
				04C9637819CFC3F300A2446C /* LiteralPacket.h */,
				04C9637919CFC3F300A2446C /* LiteralPacket.m */,
				04C9637A19CFC3F300A2446C /* NSString+Base64.h */,
				04C9637B19CFC3F300A2446C /* NSString+Base64.m */,
				04C9637C19CFC3F300A2446C /* OpenPGPEncryptedPacket.h */,
				04C9637D19CFC3F300A2446C /* OpenPGPEncryptedPacket.m */,
				04C9637E19CFC3F300A2446C /* OpenPGPMessage.h */,
				04C9637F19CFC3F300A2446C /* OpenPGPMessage.m */,
				04C9638019CFC3F300A2446C /* OpenPGPPacket.h */,
				04C9638119CFC3F300A2446C /* OpenPGPPacket.m */,
				04C9638219CFC3F300A2446C /* OpenPGPPublicKey.h */,
				04C9638319CFC3F300A2446C /* OpenPGPPublicKey.m */,
				04C9638419CFC3F300A2446C /* OpenPGPSignature.h */,
				04C9638519CFC3F300A2446C /* OpenPGPSignature.m */,
				04C9638619CFC3F300A2446C /* UserIDPacket.h */,
				04C9638719CFC3F300A2446C /* UserIDPacket.m */,
			);
			name = OpenPGP;
			sourceTree = "<group>";
		};
/* End PBXGroup section */

/* Begin PBXNativeTarget section */
		04795ECF19C0A1AD000A3142 /* NouveauPG-OSX */ = {
			isa = PBXNativeTarget;
			buildConfigurationList = 04795F0419C0A1AE000A3142 /* Build configuration list for PBXNativeTarget "NouveauPG-OSX" */;
			buildPhases = (
				04795ECC19C0A1AD000A3142 /* Sources */,
				04795ECD19C0A1AD000A3142 /* Frameworks */,
				04795ECE19C0A1AD000A3142 /* Resources */,
			);
			buildRules = (
			);
			dependencies = (
			);
			name = "NouveauPG-OSX";
			productName = "NouveauPG-OSX";
			productReference = 04795ED019C0A1AD000A3142 /* NouveauPG-OSX.app */;
			productType = "com.apple.product-type.application";
		};
		04795EF319C0A1AE000A3142 /* NouveauPG-OSXTests */ = {
			isa = PBXNativeTarget;
			buildConfigurationList = 04795F0719C0A1AE000A3142 /* Build configuration list for PBXNativeTarget "NouveauPG-OSXTests" */;
			buildPhases = (
				04795EF019C0A1AE000A3142 /* Sources */,
				04795EF119C0A1AE000A3142 /* Frameworks */,
				04795EF219C0A1AE000A3142 /* Resources */,
			);
			buildRules = (
			);
			dependencies = (
				04795EF919C0A1AE000A3142 /* PBXTargetDependency */,
			);
			name = "NouveauPG-OSXTests";
			productName = "NouveauPG-OSXTests";
			productReference = 04795EF419C0A1AE000A3142 /* NouveauPG-OSXTests.xctest */;
			productType = "com.apple.product-type.bundle.unit-test";
		};
/* End PBXNativeTarget section */

/* Begin PBXProject section */
		04795EC819C0A1AD000A3142 /* Project object */ = {
			isa = PBXProject;
			attributes = {
				LastUpgradeCheck = 0510;
				ORGANIZATIONNAME = "John Hill";
				TargetAttributes = {
					04795EF319C0A1AE000A3142 = {
						TestTargetID = 04795ECF19C0A1AD000A3142;
					};
				};
			};
			buildConfigurationList = 04795ECB19C0A1AD000A3142 /* Build configuration list for PBXProject "NouveauPG-OSX" */;
			compatibilityVersion = "Xcode 3.2";
			developmentRegion = English;
			hasScannedForEncodings = 0;
			knownRegions = (
				en,
				Base,
			);
			mainGroup = 04795EC719C0A1AD000A3142;
			productRefGroup = 04795ED119C0A1AD000A3142 /* Products */;
			projectDirPath = "";
			projectRoot = "";
			targets = (
				04795ECF19C0A1AD000A3142 /* NouveauPG-OSX */,
				04795EF319C0A1AE000A3142 /* NouveauPG-OSXTests */,
			);
		};
/* End PBXProject section */

/* Begin PBXResourcesBuildPhase section */
		04795ECE19C0A1AD000A3142 /* Resources */ = {
			isa = PBXResourcesBuildPhase;
			buildActionMask = 2147483647;
			files = (
				04795EDE19C0A1AD000A3142 /* InfoPlist.strings in Resources */,
				0429884319F99FCC00083E70 /* CertificateView.xib in Resources */,
				A80BF6E11A03FD92003393FA /* NewIdentityPanel.xib in Resources */,
				04795EEF19C0A1AD000A3142 /* Images.xcassets in Resources */,
				0429885119F9B9DB00083E70 /* ComposePanel.xib in Resources */,
				04795EE419C0A1AD000A3142 /* Credits.rtf in Resources */,
				04795EEA19C0A1AD000A3142 /* MainMenu.xib in Resources */,
			);
			runOnlyForDeploymentPostprocessing = 0;
		};
		04795EF219C0A1AE000A3142 /* Resources */ = {
			isa = PBXResourcesBuildPhase;
			buildActionMask = 2147483647;
			files = (
				04795EFF19C0A1AE000A3142 /* InfoPlist.strings in Resources */,
			);
			runOnlyForDeploymentPostprocessing = 0;
		};
/* End PBXResourcesBuildPhase section */

/* Begin PBXSourcesBuildPhase section */
		04795ECC19C0A1AD000A3142 /* Sources */ = {
			isa = PBXSourcesBuildPhase;
			buildActionMask = 2147483647;
			files = (
				04795EE719C0A1AD000A3142 /* AppDelegate.m in Sources */,
				04C9638819CFC3F300A2446C /* EncryptedEnvelope.m in Sources */,
				04C9638A19CFC3F300A2446C /* NSString+Base64.m in Sources */,
				A80BF6E01A03FD92003393FA /* NewIdentityPanel.m in Sources */,
				0429885A19FC069600083E70 /* IdenticonImage.m in Sources */,
				04C9638C19CFC3F300A2446C /* OpenPGPMessage.m in Sources */,
				04C9638919CFC3F300A2446C /* LiteralPacket.m in Sources */,
				04C9638F19CFC3F300A2446C /* OpenPGPSignature.m in Sources */,
				0429885419F9BB9C00083E70 /* ComposeWindowController.m in Sources */,
				04F17B4519D0838400B17752 /* CoreDataModel.xcdatamodeld in Sources */,
				04F17B4E19D0952900B17752 /* Message.m in Sources */,
				04795EE019C0A1AD000A3142 /* main.m in Sources */,
				04C9638B19CFC3F300A2446C /* OpenPGPEncryptedPacket.m in Sources */,
				04F17B4B19D0951200B17752 /* Recipient.m in Sources */,
				0429884F19F9A88700083E70 /* CertificateViewController.m in Sources */,
				04C9639019CFC3F300A2446C /* UserIDPacket.m in Sources */,
				04F17B4819D092FD00B17752 /* Identities.m in Sources */,
				04C9638E19CFC3F300A2446C /* OpenPGPPublicKey.m in Sources */,
				04C9638D19CFC3F300A2446C /* OpenPGPPacket.m in Sources */,
			);
			runOnlyForDeploymentPostprocessing = 0;
		};
		04795EF019C0A1AE000A3142 /* Sources */ = {
			isa = PBXSourcesBuildPhase;
			buildActionMask = 2147483647;
			files = (
				04795F0119C0A1AE000A3142 /* NouveauPG_OSXTests.m in Sources */,
			);
			runOnlyForDeploymentPostprocessing = 0;
		};
/* End PBXSourcesBuildPhase section */

/* Begin PBXTargetDependency section */
		04795EF919C0A1AE000A3142 /* PBXTargetDependency */ = {
			isa = PBXTargetDependency;
			target = 04795ECF19C0A1AD000A3142 /* NouveauPG-OSX */;
			targetProxy = 04795EF819C0A1AE000A3142 /* PBXContainerItemProxy */;
		};
/* End PBXTargetDependency section */

/* Begin PBXVariantGroup section */
		04795EDC19C0A1AD000A3142 /* InfoPlist.strings */ = {
			isa = PBXVariantGroup;
			children = (
				04795EDD19C0A1AD000A3142 /* en */,
			);
			name = InfoPlist.strings;
			sourceTree = "<group>";
		};
		04795EE219C0A1AD000A3142 /* Credits.rtf */ = {
			isa = PBXVariantGroup;
			children = (
				04795EE319C0A1AD000A3142 /* en */,
			);
			name = Credits.rtf;
			sourceTree = "<group>";
		};
		04795EE819C0A1AD000A3142 /* MainMenu.xib */ = {
			isa = PBXVariantGroup;
			children = (
				04795EE919C0A1AD000A3142 /* Base */,
			);
			name = MainMenu.xib;
			sourceTree = "<group>";
		};
		04795EFD19C0A1AE000A3142 /* InfoPlist.strings */ = {
			isa = PBXVariantGroup;
			children = (
				04795EFE19C0A1AE000A3142 /* en */,
			);
			name = InfoPlist.strings;
			sourceTree = "<group>";
		};
/* End PBXVariantGroup section */

/* Begin XCBuildConfiguration section */
		04795F0219C0A1AE000A3142 /* Debug */ = {
			isa = XCBuildConfiguration;
			buildSettings = {
				ALWAYS_SEARCH_USER_PATHS = NO;
				CLANG_CXX_LANGUAGE_STANDARD = "gnu++0x";
				CLANG_CXX_LIBRARY = "libc++";
				CLANG_ENABLE_MODULES = YES;
				CLANG_ENABLE_OBJC_ARC = YES;
				CLANG_WARN_BOOL_CONVERSION = YES;
				CLANG_WARN_CONSTANT_CONVERSION = YES;
				CLANG_WARN_DIRECT_OBJC_ISA_USAGE = YES_ERROR;
				CLANG_WARN_EMPTY_BODY = YES;
				CLANG_WARN_ENUM_CONVERSION = YES;
				CLANG_WARN_INT_CONVERSION = YES;
				CLANG_WARN_OBJC_ROOT_CLASS = YES_ERROR;
				CLANG_WARN__DUPLICATE_METHOD_MATCH = YES;
				COPY_PHASE_STRIP = NO;
				GCC_C_LANGUAGE_STANDARD = gnu99;
				GCC_DYNAMIC_NO_PIC = NO;
				GCC_ENABLE_OBJC_EXCEPTIONS = YES;
				GCC_OPTIMIZATION_LEVEL = 0;
				GCC_PREPROCESSOR_DEFINITIONS = (
					"DEBUG=1",
					"$(inherited)",
				);
				GCC_SYMBOLS_PRIVATE_EXTERN = NO;
				GCC_WARN_64_TO_32_BIT_CONVERSION = YES;
				GCC_WARN_ABOUT_RETURN_TYPE = YES_ERROR;
				GCC_WARN_UNDECLARED_SELECTOR = YES;
				GCC_WARN_UNINITIALIZED_AUTOS = YES_AGGRESSIVE;
				GCC_WARN_UNUSED_FUNCTION = YES;
				GCC_WARN_UNUSED_VARIABLE = YES;
				MACOSX_DEPLOYMENT_TARGET = 10.9;
				ONLY_ACTIVE_ARCH = YES;
				SDKROOT = macosx;
			};
			name = Debug;
		};
		04795F0319C0A1AE000A3142 /* Release */ = {
			isa = XCBuildConfiguration;
			buildSettings = {
				ALWAYS_SEARCH_USER_PATHS = NO;
				CLANG_CXX_LANGUAGE_STANDARD = "gnu++0x";
				CLANG_CXX_LIBRARY = "libc++";
				CLANG_ENABLE_MODULES = YES;
				CLANG_ENABLE_OBJC_ARC = YES;
				CLANG_WARN_BOOL_CONVERSION = YES;
				CLANG_WARN_CONSTANT_CONVERSION = YES;
				CLANG_WARN_DIRECT_OBJC_ISA_USAGE = YES_ERROR;
				CLANG_WARN_EMPTY_BODY = YES;
				CLANG_WARN_ENUM_CONVERSION = YES;
				CLANG_WARN_INT_CONVERSION = YES;
				CLANG_WARN_OBJC_ROOT_CLASS = YES_ERROR;
				CLANG_WARN__DUPLICATE_METHOD_MATCH = YES;
				COPY_PHASE_STRIP = YES;
				DEBUG_INFORMATION_FORMAT = "dwarf-with-dsym";
				ENABLE_NS_ASSERTIONS = NO;
				GCC_C_LANGUAGE_STANDARD = gnu99;
				GCC_ENABLE_OBJC_EXCEPTIONS = YES;
				GCC_WARN_64_TO_32_BIT_CONVERSION = YES;
				GCC_WARN_ABOUT_RETURN_TYPE = YES_ERROR;
				GCC_WARN_UNDECLARED_SELECTOR = YES;
				GCC_WARN_UNINITIALIZED_AUTOS = YES_AGGRESSIVE;
				GCC_WARN_UNUSED_FUNCTION = YES;
				GCC_WARN_UNUSED_VARIABLE = YES;
				MACOSX_DEPLOYMENT_TARGET = 10.9;
				SDKROOT = macosx;
			};
			name = Release;
		};
		04795F0519C0A1AE000A3142 /* Debug */ = {
			isa = XCBuildConfiguration;
			buildSettings = {
				ASSETCATALOG_COMPILER_APPICON_NAME = AppIcon;
				COMBINE_HIDPI_IMAGES = YES;
				GCC_PRECOMPILE_PREFIX_HEADER = YES;
				GCC_PREFIX_HEADER = "NouveauPG-OSX/NouveauPG-OSX-Prefix.pch";
				INFOPLIST_FILE = "NouveauPG-OSX/NouveauPG-OSX-Info.plist";
				OTHER_LDFLAGS = "-lcrypto";
				PRODUCT_NAME = "$(TARGET_NAME)";
				WRAPPER_EXTENSION = app;
			};
			name = Debug;
		};
		04795F0619C0A1AE000A3142 /* Release */ = {
			isa = XCBuildConfiguration;
			buildSettings = {
				ASSETCATALOG_COMPILER_APPICON_NAME = AppIcon;
				COMBINE_HIDPI_IMAGES = YES;
				GCC_PRECOMPILE_PREFIX_HEADER = YES;
				GCC_PREFIX_HEADER = "NouveauPG-OSX/NouveauPG-OSX-Prefix.pch";
				INFOPLIST_FILE = "NouveauPG-OSX/NouveauPG-OSX-Info.plist";
				PRODUCT_NAME = "$(TARGET_NAME)";
				WRAPPER_EXTENSION = app;
			};
			name = Release;
		};
		04795F0819C0A1AE000A3142 /* Debug */ = {
			isa = XCBuildConfiguration;
			buildSettings = {
				BUNDLE_LOADER = "$(BUILT_PRODUCTS_DIR)/NouveauPG-OSX.app/Contents/MacOS/NouveauPG-OSX";
				COMBINE_HIDPI_IMAGES = YES;
				FRAMEWORK_SEARCH_PATHS = (
					"$(DEVELOPER_FRAMEWORKS_DIR)",
					"$(inherited)",
				);
				GCC_PRECOMPILE_PREFIX_HEADER = YES;
				GCC_PREFIX_HEADER = "NouveauPG-OSX/NouveauPG-OSX-Prefix.pch";
				GCC_PREPROCESSOR_DEFINITIONS = (
					"DEBUG=1",
					"$(inherited)",
				);
				INFOPLIST_FILE = "NouveauPG-OSXTests/NouveauPG-OSXTests-Info.plist";
				PRODUCT_NAME = "$(TARGET_NAME)";
				TEST_HOST = "$(BUNDLE_LOADER)";
				WRAPPER_EXTENSION = xctest;
			};
			name = Debug;
		};
		04795F0919C0A1AE000A3142 /* Release */ = {
			isa = XCBuildConfiguration;
			buildSettings = {
				BUNDLE_LOADER = "$(BUILT_PRODUCTS_DIR)/NouveauPG-OSX.app/Contents/MacOS/NouveauPG-OSX";
				COMBINE_HIDPI_IMAGES = YES;
				FRAMEWORK_SEARCH_PATHS = (
					"$(DEVELOPER_FRAMEWORKS_DIR)",
					"$(inherited)",
				);
				GCC_PRECOMPILE_PREFIX_HEADER = YES;
				GCC_PREFIX_HEADER = "NouveauPG-OSX/NouveauPG-OSX-Prefix.pch";
				INFOPLIST_FILE = "NouveauPG-OSXTests/NouveauPG-OSXTests-Info.plist";
				PRODUCT_NAME = "$(TARGET_NAME)";
				TEST_HOST = "$(BUNDLE_LOADER)";
				WRAPPER_EXTENSION = xctest;
			};
			name = Release;
		};
/* End XCBuildConfiguration section */

/* Begin XCConfigurationList section */
		04795ECB19C0A1AD000A3142 /* Build configuration list for PBXProject "NouveauPG-OSX" */ = {
			isa = XCConfigurationList;
			buildConfigurations = (
				04795F0219C0A1AE000A3142 /* Debug */,
				04795F0319C0A1AE000A3142 /* Release */,
			);
			defaultConfigurationIsVisible = 0;
			defaultConfigurationName = Release;
		};
		04795F0419C0A1AE000A3142 /* Build configuration list for PBXNativeTarget "NouveauPG-OSX" */ = {
			isa = XCConfigurationList;
			buildConfigurations = (
				04795F0519C0A1AE000A3142 /* Debug */,
				04795F0619C0A1AE000A3142 /* Release */,
			);
			defaultConfigurationIsVisible = 0;
			defaultConfigurationName = Release;
		};
		04795F0719C0A1AE000A3142 /* Build configuration list for PBXNativeTarget "NouveauPG-OSXTests" */ = {
			isa = XCConfigurationList;
			buildConfigurations = (
				04795F0819C0A1AE000A3142 /* Debug */,
				04795F0919C0A1AE000A3142 /* Release */,
			);
			defaultConfigurationIsVisible = 0;
			defaultConfigurationName = Release;
		};
/* End XCConfigurationList section */

/* Begin XCVersionGroup section */
		04F17B4319D0838400B17752 /* CoreDataModel.xcdatamodeld */ = {
			isa = XCVersionGroup;
			children = (
				04F17B4419D0838400B17752 /* CoreDataModel.xcdatamodel */,
			);
			currentVersion = 04F17B4419D0838400B17752 /* CoreDataModel.xcdatamodel */;
			path = CoreDataModel.xcdatamodeld;
			sourceTree = "<group>";
			versionGroupType = wrapper.xcdatamodel;
		};
/* End XCVersionGroup section */
	};
	rootObject = 04795EC819C0A1AD000A3142 /* Project object */;
}
